
Microsoft Visual Studio Solution File, Format Version 12.00
# Visual Studio Version 17
VisualStudioVersion = 17.10.35013.160
MinimumVisualStudioVersion = 10.0.40219.1
Project("{FAE04EC0-301F-11D3-BF4B-00C04F79EFBC}") = "UniqueIdentifiersBenchmark", "UniqueIdentifiersBenchmark\UniqueIdentifiersBenchmark.csproj", "{C46B8755-B694-4A83-A12A-D08D20AA3BB9}"
EndProject
Global
	GlobalSection(SolutionConfigurationPlatforms) = preSolution
		Debug|Any CPU = Debug|Any CPU
		Release|Any CPU = Release|Any CPU
	EndGlobalSection
	GlobalSection(ProjectConfigurationPlatforms) = postSolution
		{C46B8755-B694-4A83-A12A-D08D20AA3BB9}.Debug|Any CPU.ActiveCfg = Debug|Any CPU
		{C46B8755-B694-4A83-A12A-D08D20AA3BB9}.Debug|Any CPU.Build.0 = Debug|Any CPU
		{C46B8755-B694-4A83-A12A-D08D20AA3BB9}.Release|Any CPU.ActiveCfg = Release|Any CPU
		{C46B8755-B694-4A83-A12A-D08D20AA3BB9}.Release|Any CPU.Build.0 = Release|Any CPU
	EndGlobalSection
	GlobalSection(SolutionProperties) = preSolution
		HideSolutionNode = FALSE
	EndGlobalSection
	GlobalSection(ExtensibilityGlobals) = postSolution
		SolutionGuid = {0DDCAC46-2D38-42DE-858E-4091D5C84D19}
	EndGlobalSection
EndGlobal
